[[package]]
name = "attrs"
version = "21.4.0"
requires_python = ">=2.7, !=3.0.*, !=3.1.*, !=3.2.*, !=3.3.*, !=3.4.*"
summary = "Classes Without Boilerplate"

[[package]]
name = "black"
version = "22.12.0"
requires_python = ">=3.7"
summary = "The uncompromising code formatter."
dependencies = [
    "click>=8.0.0",
    "mypy-extensions>=0.4.3",
    "pathspec>=0.9.0",
    "platformdirs>=2",
    "tomli>=1.1.0; python_full_version < \"3.11.0a7\"",
    "typing-extensions>=3.10.0.0; python_version < \"3.10\"",
]

[[package]]
name = "click"
version = "8.1.2"
requires_python = ">=3.7"
summary = "Composable command line interface toolkit"
dependencies = [
    "colorama; platform_system == \"Windows\"",
]

[[package]]
name = "colorama"
version = "0.4.4"
requires_python = ">=2.7, !=3.0.*, !=3.1.*, !=3.2.*, !=3.3.*, !=3.4.*"
summary = "Cross-platform colored terminal text."

[[package]]
name = "exceptiongroup"
version = "1.1.0"
requires_python = ">=3.7"
summary = "Backport of PEP 654 (exception groups)"

[[package]]
name = "iniconfig"
version = "1.1.1"
summary = "iniconfig: brain-dead simple config-ini parsing"

[[package]]
name = "more-itertools"
version = "9.0.0"
requires_python = ">=3.7"
summary = "More routines for operating on iterables, beyond itertools"

[[package]]
name = "mypy"
version = "0.991"
requires_python = ">=3.7"
summary = "Optional static typing for Python"
dependencies = [
    "mypy-extensions>=0.4.3",
    "tomli>=1.1.0; python_version < \"3.11\"",
    "typing-extensions>=3.10",
]

[[package]]
name = "mypy-extensions"
version = "0.4.3"
summary = "Experimental type system extensions for programs checked with the mypy typechecker."

[[package]]
name = "packaging"
version = "21.3"
requires_python = ">=3.6"
summary = "Core utilities for Python packages"
dependencies = [
    "pyparsing!=3.0.5,>=2.0.2",
]

[[package]]
name = "pathspec"
version = "0.9.0"
requires_python = "!=3.0.*,!=3.1.*,!=3.2.*,!=3.3.*,!=3.4.*,>=2.7"
summary = "Utility library for gitignore style pattern matching of file paths."

[[package]]
name = "platformdirs"
version = "2.5.2"
requires_python = ">=3.7"
summary = "A small Python module for determining appropriate platform-specific dirs, e.g. a \"user data dir\"."

[[package]]
name = "pluggy"
version = "1.0.0"
requires_python = ">=3.6"
summary = "plugin and hook calling mechanisms for python"

[[package]]
name = "pydbg"
version = "0.3.0"
requires_python = ">=3.6.0"
summary = "Implementation of Rust2018 `dbg` builtin for Python."

[[package]]
name = "pyparsing"
version = "3.0.8"
requires_python = ">=3.6.8"
summary = "pyparsing module - Classes and methods to define and execute parsing grammars"

[[package]]
name = "pytest"
version = "7.2.0"
requires_python = ">=3.7"
summary = "pytest: simple powerful testing with Python"
dependencies = [
    "attrs>=19.2.0",
    "colorama; sys_platform == \"win32\"",
    "exceptiongroup>=1.0.0rc8; python_version < \"3.11\"",
    "iniconfig",
    "packaging",
    "pluggy<2.0,>=0.12",
    "tomli>=1.0.0; python_version < \"3.11\"",
]

[[package]]
name = "tomli"
version = "2.0.1"
requires_python = ">=3.7"
summary = "A lil' TOML parser"

[[package]]
name = "typing-extensions"
version = "4.2.0"
requires_python = ">=3.7"
summary = "Backported and Experimental Type Hints for Python 3.7+"

[metadata]
lock_version = "4.1"
content_hash = "sha256:d8bce48633d7d81bf90177844558a3da577f2ee5012b21f5de73622362ce86bc"

[metadata.files]
"attrs 21.4.0" = [
    {url = "https://files.pythonhosted.org/packages/be/be/7abce643bfdf8ca01c48afa2ddf8308c2308b0c3b239a44e57d020afa0ef/attrs-21.4.0-py2.py3-none-any.whl", hash = "sha256:2d27e3784d7a565d36ab851fe94887c5eccd6a463168875832a1be79c82828b4"},
    {url = "https://files.pythonhosted.org/packages/d7/77/ebb15fc26d0f815839ecd897b919ed6d85c050feeb83e100e020df9153d2/attrs-21.4.0.tar.gz", hash = "sha256:626ba8234211db98e869df76230a137c4c40a12d72445c45d5f5b716f076e2fd"},
]
"black 22.12.0" = [
    {url = "https://files.pythonhosted.org/packages/0c/51/1f7f93c0555eaf4cbb628e26ba026e3256174a45bd9397ff1ea7cf96bad5/black-22.12.0-py3-none-any.whl", hash = "sha256:436cc9167dd28040ad90d3b404aec22cedf24a6e4d7de221bec2730ec0c97bcf"},
    {url = "https://files.pythonhosted.org/packages/4c/49/420dcfccba3215dc4e5790fa47572ef14129df1c5e95dd87b5ad30211b01/black-22.12.0-cp311-cp311-win_amd64.whl", hash = "sha256:7412e75863aa5c5411886804678b7d083c7c28421210180d67dfd8cf1221e1f4"},
    {url = "https://files.pythonhosted.org/packages/4c/dd/cdb4e62a58e229ee757110a9dfb914a44e9d41be8becb41e085cb5df5d5b/black-22.12.0-cp38-cp38-win_amd64.whl", hash = "sha256:82d9fe8fee3401e02e79767016b4907820a7dc28d70d137eb397b92ef3cc5bfc"},
    {url = "https://files.pythonhosted.org/packages/54/44/6d5f9af3c14da013754021e28eacc873e6ecbe877b2540e37346579398c8/black-22.12.0-cp38-cp38-manylinux_2_17_x86_64.manylinux2014_x86_64.whl", hash = "sha256:77d86c9f3db9b1bf6761244bc0b3572a546f5fe37917a044e02f3166d5aafa7d"},
    {url = "https://files.pythonhosted.org/packages/71/57/975782465cc6b514f2c972421e29b933dfbb51d4a95948a4e0e94f36ea38/black-22.12.0-cp310-cp310-win_amd64.whl", hash = "sha256:159a46a4947f73387b4d83e87ea006dbb2337eab6c879620a3ba52699b1f4351"},
    {url = "https://files.pythonhosted.org/packages/79/d9/60852a6fc2f85374db20a9767dacfe50c2172eb8388f46018c8daf836995/black-22.12.0-cp310-cp310-manylinux_2_17_x86_64.manylinux2014_x86_64.whl", hash = "sha256:9eedd20838bd5d75b80c9f5487dbcb06836a43833a37846cf1d8c1cc01cef59d"},
    {url = "https://files.pythonhosted.org/packages/a6/59/e873cc6807fb62c11131e5258ca15577a3b7452abad08dc49286cf8245e8/black-22.12.0.tar.gz", hash = "sha256:229351e5a18ca30f447bf724d007f890f97e13af070bb6ad4c0a441cd7596a2f"},
    {url = "https://files.pythonhosted.org/packages/ba/32/954bcc56b2b3b4ef52a086e3c0bdbad88a38c9e739feb19dd2e6294cda42/black-22.12.0-cp39-cp39-manylinux_2_17_x86_64.manylinux2014_x86_64.whl", hash = "sha256:101c69b23df9b44247bd88e1d7e90154336ac4992502d4197bdac35dd7ee3320"},
    {url = "https://files.pythonhosted.org/packages/e9/e0/6aa02d14785c4039b38bfed6f9ee28a952b2d101c64fc97b15811fa8bd04/black-22.12.0-cp311-cp311-manylinux_2_17_x86_64.manylinux2014_x86_64.whl", hash = "sha256:d30b212bffeb1e252b31dd269dfae69dd17e06d92b87ad26e23890f3efea366f"},
    {url = "https://files.pythonhosted.org/packages/eb/91/e0ccc36f8e1a00ed3c343741ca7ffe954e33cd2be0cada039845ff9e0539/black-22.12.0-cp37-cp37m-win_amd64.whl", hash = "sha256:1f58cbe16dfe8c12b7434e50ff889fa479072096d79f0a7f25e4ab8e94cd8350"},
    {url = "https://files.pythonhosted.org/packages/f1/b7/6de002378cfe0b83beba72f0a7875dfb6005b2a214ac9f9ca689583069ef/black-22.12.0-cp37-cp37m-manylinux_2_17_x86_64.manylinux2014_x86_64.whl", hash = "sha256:c116eed0efb9ff870ded8b62fe9f28dd61ef6e9ddd28d83d7d264a38417dcee2"},
    {url = "https://files.pythonhosted.org/packages/f2/b9/06fe2dd83a2104d83c2b737f41aa5679f5a4395630005443ba4fa6fece8b/black-22.12.0-cp39-cp39-win_amd64.whl", hash = "sha256:559c7a1ba9a006226f09e4916060982fd27334ae1998e7a38b3f33a37f7a2148"},
]
"click 8.1.2" = [
    {url = "https://files.pythonhosted.org/packages/42/e1/4cb2d3a2416bcd871ac93f12b5616f7755a6800bccae05e5a99d3673eb69/click-8.1.2.tar.gz", hash = "sha256:479707fe14d9ec9a0757618b7a100a0ae4c4e236fac5b7f80ca68028141a1a72"},
    {url = "https://files.pythonhosted.org/packages/a0/66/c8196ad693d62384d8e800e5bd27434a64c0057fe169b61c69a73f1614a8/click-8.1.2-py3-none-any.whl", hash = "sha256:24e1a4a9ec5bf6299411369b208c1df2188d9eb8d916302fe6bf03faed227f1e"},
]
"colorama 0.4.4" = [
    {url = "https://files.pythonhosted.org/packages/1f/bb/5d3246097ab77fa083a61bd8d3d527b7ae063c7d8e8671b1cf8c4ec10cbe/colorama-0.4.4.tar.gz", hash = "sha256:5941b2b48a20143d2267e95b1c2a7603ce057ee39fd88e7329b0c292aa16869b"},
    {url = "https://files.pythonhosted.org/packages/44/98/5b86278fbbf250d239ae0ecb724f8572af1c91f4a11edf4d36a206189440/colorama-0.4.4-py2.py3-none-any.whl", hash = "sha256:9f47eda37229f68eee03b24b9748937c7dc3868f906e8ba69fbcbdd3bc5dc3e2"},
]
"exceptiongroup 1.1.0" = [
    {url = "https://files.pythonhosted.org/packages/15/ab/dd27fb742b19a9d020338deb9ab9a28796524081bca880ac33c172c9a8f6/exceptiongroup-1.1.0.tar.gz", hash = "sha256:bcb67d800a4497e1b404c2dd44fca47d3b7a5e5433dbab67f96c1a685cdfdf23"},
    {url = "https://files.pythonhosted.org/packages/e8/14/9c6a7e5f12294ccd6975a45e02899ed25468cd7c2c86f3d9725f387f9f5f/exceptiongroup-1.1.0-py3-none-any.whl", hash = "sha256:327cbda3da756e2de031a3107b81ab7b3770a602c4d16ca618298c526f4bec1e"},
]
"iniconfig 1.1.1" = [
    {url = "https://files.pythonhosted.org/packages/23/a2/97899f6bd0e873fed3a7e67ae8d3a08b21799430fb4da15cfedf10d6e2c2/iniconfig-1.1.1.tar.gz", hash = "sha256:bc3af051d7d14b2ee5ef9969666def0cd1a000e121eaea580d4a313df4b37f32"},
    {url = "https://files.pythonhosted.org/packages/9b/dd/b3c12c6d707058fa947864b67f0c4e0c39ef8610988d7baea9578f3c48f3/iniconfig-1.1.1-py2.py3-none-any.whl", hash = "sha256:011e24c64b7f47f6ebd835bb12a743f2fbe9a26d4cecaa7f53bc4f35ee9da8b3"},
]
"more-itertools 9.0.0" = [
    {url = "https://files.pythonhosted.org/packages/13/b3/397aa9668da8b1f0c307bc474608653d46122ae0563d1d32f60e24fa0cbd/more-itertools-9.0.0.tar.gz", hash = "sha256:5a6257e40878ef0520b1803990e3e22303a41b5714006c32a3fd8304b26ea1ab"},
    {url = "https://files.pythonhosted.org/packages/5d/87/1ec3fcc09d2c04b977eabf8a1083222f82eaa2f46d5a4f85f403bf8e7b30/more_itertools-9.0.0-py3-none-any.whl", hash = "sha256:250e83d7e81d0c87ca6bd942e6aeab8cc9daa6096d12c5308f3f92fa5e5c1f41"},
]
"mypy 0.991" = [
    {url = "https://files.pythonhosted.org/packages/0e/5c/fbe112ca73d4c6a9e65336f48099c60800514d8949b4129c093a84a28dc8/mypy-0.991.tar.gz", hash = "sha256:3c0165ba8f354a6d9881809ef29f1a9318a236a6d81c690094c5df32107bde06"},
    {url = "https://files.pythonhosted.org/packages/14/05/5a4206e269268f4aecb1096bf2375a231c959987ccf3e31313221b8bc153/mypy-0.991-cp311-cp311-manylinux_2_17_x86_64.manylinux2014_x86_64.whl", hash = "sha256:37bd02ebf9d10e05b00d71302d2c2e6ca333e6c2a8584a98c00e038db8121f05"},
    {url = "https://files.pythonhosted.org/packages/28/9c/e1805f2fea93a92671f33b00dd577119f37e4a8b859d6f6ea62d3e9129fa/mypy-0.991-cp311-cp311-macosx_10_9_x86_64.whl", hash = "sha256:1c8cd4fb70e8584ca1ed5805cbc7c017a3d1a29fb450621089ffed3e99d1857f"},
    {url = "https://files.pythonhosted.org/packages/33/20/c4c15c9e9b7929ef44e35e83c0bcc254c8bf5998bbef0954ae658288e8c6/mypy-0.991-cp38-cp38-macosx_10_9_universal2.whl", hash = "sha256:b86ce2c1866a748c0f6faca5232059f881cda6dda2a893b9a8373353cfe3715a"},
    {url = "https://files.pythonhosted.org/packages/39/05/7a7d58afc7d00e819e553ad2485a29141e14575e3b0c43b9da6f869ede4c/mypy-0.991-cp310-cp310-manylinux_2_17_x86_64.manylinux2014_x86_64.whl", hash = "sha256:bc9ec663ed6c8f15f4ae9d3c04c989b744436c16d26580eaa760ae9dd5d662eb"},
    {url = "https://files.pythonhosted.org/packages/44/d0/81d47bffc80d0cff84174aab266adc3401e735e13c5613418e825c146986/mypy-0.991-cp310-cp310-macosx_10_9_universal2.whl", hash = "sha256:7d17e0a9707d0772f4a7b878f04b4fd11f6f5bcb9b3813975a9b13c9332153ab"},
    {url = "https://files.pythonhosted.org/packages/49/83/34d682a10604845d77a0e7dbde1d0e70f3784d0f67b0df11d2eaf7bb8360/mypy-0.991-cp38-cp38-manylinux_2_17_x86_64.manylinux2014_x86_64.whl", hash = "sha256:a12c56bf73cdab116df96e4ff39610b92a348cc99a1307e1da3c3768bbb5b135"},
    {url = "https://files.pythonhosted.org/packages/4b/98/125e5d14222de8e92f44314f8df21a9c351b531b37c551526acd67486a7d/mypy-0.991-cp311-cp311-musllinux_1_1_x86_64.whl", hash = "sha256:26efb2fcc6b67e4d5a55561f39176821d2adf88f2745ddc72751b7890f3194ad"},
    {url = "https://files.pythonhosted.org/packages/5d/c8/fc9b7cd600330e8c9dbd52b499a76eeaf4b48969a605fb50415a9d361d5b/mypy-0.991-cp38-cp38-musllinux_1_1_x86_64.whl", hash = "sha256:652b651d42f155033a1967739788c436491b577b6a44e4c39fb340d0ee7f0d70"},
    {url = "https://files.pythonhosted.org/packages/6b/22/5e19d1a6f8e029296e7b2fa462d8753fb4365126684c2f840dcb1447e6e8/mypy-0.991-cp39-cp39-macosx_10_9_x86_64.whl", hash = "sha256:6d7464bac72a85cb3491c7e92b5b62f3dcccb8af26826257760a552a5e244aa5"},
    {url = "https://files.pythonhosted.org/packages/80/23/76e56e004acca691b4da4086a8c38bd67b7ae73536848dcab76cfed5c188/mypy-0.991-cp310-cp310-musllinux_1_1_x86_64.whl", hash = "sha256:4307270436fd7694b41f913eb09210faff27ea4979ecbcd849e57d2da2f65305"},
    {url = "https://files.pythonhosted.org/packages/87/ec/62fd00fa5d8ead3ecafed3eb99ee805911f41b11536c5940df1bcb2c845d/mypy-0.991-cp310-cp310-macosx_11_0_arm64.whl", hash = "sha256:0c8f3be99e8a8bd403caa8c03be619544bc2c77a7093685dcf308c6b109426c6"},
    {url = "https://files.pythonhosted.org/packages/89/76/7159258fdbf26a5ceef100b80a82d2f79b9066725a5daeb6383a8f773910/mypy-0.991-cp311-cp311-win_amd64.whl", hash = "sha256:3a700330b567114b673cf8ee7388e949f843b356a73b5ab22dd7cff4742a5297"},
    {url = "https://files.pythonhosted.org/packages/90/a5/3a2c0c02e99a845318cc25556097d96eb8eb85fe53619ac8ff37b44acc46/mypy-0.991-cp37-cp37m-musllinux_1_1_x86_64.whl", hash = "sha256:3d80e36b7d7a9259b740be6d8d906221789b0d836201af4234093cae89ced0cd"},
    {url = "https://files.pythonhosted.org/packages/91/27/716b1cfce990cb58dc92f6601852141bc25e1524c06b3f3a39b0de6d9210/mypy-0.991-cp39-cp39-macosx_11_0_arm64.whl", hash = "sha256:c9166b3f81a10cdf9b49f2d594b21b31adadb3d5e9db9b834866c3258b695be3"},
    {url = "https://files.pythonhosted.org/packages/97/e3/1da0f08c60f555c04b93eff4016611fa1858ea53111dbdc757a37c234042/mypy-0.991-cp37-cp37m-manylinux_2_17_x86_64.manylinux2014_x86_64.whl", hash = "sha256:641411733b127c3e0dab94c45af15fea99e4468f99ac88b39efb1ad677da5711"},
    {url = "https://files.pythonhosted.org/packages/9b/b1/0d5f1549c2894fd9af744e886156870d98ea0b1784952989f10e51eb0030/mypy-0.991-cp37-cp37m-macosx_10_9_x86_64.whl", hash = "sha256:1f7d1a520373e2272b10796c3ff721ea1a0712288cafaa95931e66aa15798813"},
    {url = "https://files.pythonhosted.org/packages/ac/a6/e4d6dca539c637735d0d93f1eee3ac35cedfd9c047da7386b3a59e93f35b/mypy-0.991-cp39-cp39-musllinux_1_1_x86_64.whl", hash = "sha256:5e80e758243b97b618cdf22004beb09e8a2de1af481382e4d84bc52152d1c476"},
    {url = "https://files.pythonhosted.org/packages/af/9a/ee3b76f36e90ecb5e44dd2827bf5992d02c127192366a4c7864cfeab95b6/mypy-0.991-cp38-cp38-macosx_11_0_arm64.whl", hash = "sha256:0cca5adf694af539aeaa6ac633a7afe9bbd760df9d31be55ab780b77ab5ae8bf"},
    {url = "https://files.pythonhosted.org/packages/b1/30/24a92552a7c3df25db5a2e56ae359b4aa9bba6aebc8f0e25523a94e5c1e7/mypy-0.991-cp37-cp37m-win_amd64.whl", hash = "sha256:e62ebaad93be3ad1a828a11e90f0e76f15449371ffeecca4a0a0b9adc99abcef"},
    {url = "https://files.pythonhosted.org/packages/b8/ab/aa2e02fce8ee8885fe98ee2a0549290e9de5caa28febc0cf243bfab020e7/mypy-0.991-cp311-cp311-macosx_10_9_universal2.whl", hash = "sha256:d13674f3fb73805ba0c45eb6c0c3053d218aa1f7abead6e446d474529aafc372"},
    {url = "https://files.pythonhosted.org/packages/bc/b2/6e71e47b259992dcd99d257ce452c0de3f711be713d048fe8f0fda9a9996/mypy-0.991-cp39-cp39-macosx_10_9_universal2.whl", hash = "sha256:98e781cd35c0acf33eb0295e8b9c55cdbef64fcb35f6d3aa2186f289bed6e80d"},
    {url = "https://files.pythonhosted.org/packages/ca/0d/da98f81e7c13a60111dc10a16cbf1b48dc8500df90a1fc959878a5981f49/mypy-0.991-cp39-cp39-win_amd64.whl", hash = "sha256:74e259b5c19f70d35fcc1ad3d56499065c601dfe94ff67ae48b85596b9ec1461"},
    {url = "https://files.pythonhosted.org/packages/d7/f4/dcab9f3c5ed410caca1b9374dbb2b2caa778d225e32f174e266e20291edf/mypy-0.991-cp310-cp310-macosx_10_9_x86_64.whl", hash = "sha256:0714258640194d75677e86c786e80ccf294972cc76885d3ebbb560f11db0003d"},
    {url = "https://files.pythonhosted.org/packages/df/bb/3cf400e05e30939a0fc58b34e0662d8abe8e206464665065b56cf2ca9a62/mypy-0.991-cp311-cp311-macosx_11_0_arm64.whl", hash = "sha256:209ee89fbb0deed518605edddd234af80506aec932ad28d73c08f1400ef80a33"},
    {url = "https://files.pythonhosted.org/packages/e3/84/188ddeaebfc8b5bbdcc3c7f05c09b61758540b2df84aad0146263d66960a/mypy-0.991-cp38-cp38-macosx_10_9_x86_64.whl", hash = "sha256:ac6e503823143464538efda0e8e356d871557ef60ccd38f8824a4257acc18d93"},
    {url = "https://files.pythonhosted.org/packages/e7/a1/c503a15ad69ff133a76c159b8287f0eadc1f521d9796bf81f935886c98f6/mypy-0.991-py3-none-any.whl", hash = "sha256:de32edc9b0a7e67c2775e574cb061a537660e51210fbf6006b0b36ea695ae9bb"},
    {url = "https://files.pythonhosted.org/packages/e9/7e/cc2de45afb46fee694bf285f91df3e227a3b0c671f775524814549c26556/mypy-0.991-cp39-cp39-manylinux_2_17_x86_64.manylinux2014_x86_64.whl", hash = "sha256:b8472f736a5bfb159a5e36740847808f6f5b659960115ff29c7cecec1741c648"},
    {url = "https://files.pythonhosted.org/packages/f3/1d/cc67a674f1cd7f1c10619487a4245185f6f8f14cbd685b60709318e9ac27/mypy-0.991-cp310-cp310-win_amd64.whl", hash = "sha256:901c2c269c616e6cb0998b33d4adbb4a6af0ac4ce5cd078afd7bc95830e62c1c"},
    {url = "https://files.pythonhosted.org/packages/f7/3a/19c01d59d24f1f36fabdeb61a286b4fc5e0456bf6211f5159ad5ebb5f735/mypy-0.991-cp38-cp38-win_amd64.whl", hash = "sha256:4175593dc25d9da12f7de8de873a33f9b2b8bdb4e827a7cae952e5b1a342e243"},
]
"mypy-extensions 0.4.3" = [
    {url = "https://files.pythonhosted.org/packages/5c/eb/975c7c080f3223a5cdaff09612f3a5221e4ba534f7039db34c35d95fa6a5/mypy_extensions-0.4.3-py2.py3-none-any.whl", hash = "sha256:090fedd75945a69ae91ce1303b5824f428daf5a028d2f6ab8a299250a846f15d"},
    {url = "https://files.pythonhosted.org/packages/63/60/0582ce2eaced55f65a4406fc97beba256de4b7a95a0034c6576458c6519f/mypy_extensions-0.4.3.tar.gz", hash = "sha256:2d82818f5bb3e369420cb3c4060a7970edba416647068eb4c5343488a6c604a8"},
]
"packaging 21.3" = [
    {url = "https://files.pythonhosted.org/packages/05/8e/8de486cbd03baba4deef4142bd643a3e7bbe954a784dc1bb17142572d127/packaging-21.3-py3-none-any.whl", hash = "sha256:ef103e05f519cdc783ae24ea4e2e0f508a9c99b2d4969652eed6a2e1ea5bd522"},
    {url = "https://files.pythonhosted.org/packages/df/9e/d1a7217f69310c1db8fdf8ab396229f55a699ce34a203691794c5d1cad0c/packaging-21.3.tar.gz", hash = "sha256:dd47c42927d89ab911e606518907cc2d3a1f38bbd026385970643f9c5b8ecfeb"},
]
"pathspec 0.9.0" = [
    {url = "https://files.pythonhosted.org/packages/42/ba/a9d64c7bcbc7e3e8e5f93a52721b377e994c22d16196e2b0f1236774353a/pathspec-0.9.0-py2.py3-none-any.whl", hash = "sha256:7d15c4ddb0b5c802d161efc417ec1a2558ea2653c2e8ad9c19098201dc1c993a"},
    {url = "https://files.pythonhosted.org/packages/f6/33/436c5cb94e9f8902e59d1d544eb298b83c84b9ec37b5b769c5a0ad6edb19/pathspec-0.9.0.tar.gz", hash = "sha256:e564499435a2673d586f6b2130bb5b95f04a3ba06f81b8f895b651a3c76aabb1"},
]
"platformdirs 2.5.2" = [
    {url = "https://files.pythonhosted.org/packages/ed/22/967181c94c3a4063fe64e15331b4cb366bdd7dfbf46fcb8ad89650026fec/platformdirs-2.5.2-py3-none-any.whl", hash = "sha256:027d8e83a2d7de06bbac4e5ef7e023c02b863d7ea5d079477e722bb41ab25788"},
    {url = "https://files.pythonhosted.org/packages/ff/7b/3613df51e6afbf2306fc2465671c03390229b55e3ef3ab9dd3f846a53be6/platformdirs-2.5.2.tar.gz", hash = "sha256:58c8abb07dcb441e6ee4b11d8df0ac856038f944ab98b7be6b27b2a3c7feef19"},
]
"pluggy 1.0.0" = [
    {url = "https://files.pythonhosted.org/packages/9e/01/f38e2ff29715251cf25532b9082a1589ab7e4f571ced434f98d0139336dc/pluggy-1.0.0-py2.py3-none-any.whl", hash = "sha256:74134bbf457f031a36d68416e1509f34bd5ccc019f0bcc952c7b909d06b37bd3"},
    {url = "https://files.pythonhosted.org/packages/a1/16/db2d7de3474b6e37cbb9c008965ee63835bba517e22cdb8c35b5116b5ce1/pluggy-1.0.0.tar.gz", hash = "sha256:4224373bacce55f955a878bf9cfa763c1e360858e330072059e10bad68531159"},
]
"pydbg 0.3.0" = [
    {url = "https://files.pythonhosted.org/packages/d7/dc/a25df7e979b8a9096b74047aee8ae204b26a306325ebec53e884a20ed771/pydbg-0.3.0.tar.gz", hash = "sha256:e7cfc7ab5bcd89bf0eb0ee3e5b428fab8e0172a3a3a9685661b495cbd139d30d"},
]
"pyparsing 3.0.8" = [
    {url = "https://files.pythonhosted.org/packages/31/df/789bd0556e65cf931a5b87b603fcf02f79ff04d5379f3063588faaf9c1e4/pyparsing-3.0.8.tar.gz", hash = "sha256:7bf433498c016c4314268d95df76c81b842a4cb2b276fa3312cfb1e1d85f6954"},
    {url = "https://files.pythonhosted.org/packages/d9/41/d9cfb4410589805cd787f8a82cddd13142d9bf7449d12adf2d05a4a7d633/pyparsing-3.0.8-py3-none-any.whl", hash = "sha256:ef7b523f6356f763771559412c0d7134753f037822dad1b16945b7b846f7ad06"},
]
"pytest 7.2.0" = [
    {url = "https://files.pythonhosted.org/packages/0b/21/055f39bf8861580b43f845f9e8270c7786fe629b2f8562ff09007132e2e7/pytest-7.2.0.tar.gz", hash = "sha256:c4014eb40e10f11f355ad4e3c2fb2c6c6d1919c73f3b5a433de4708202cade59"},
    {url = "https://files.pythonhosted.org/packages/67/68/a5eb36c3a8540594b6035e6cdae40c1ef1b6a2bfacbecc3d1a544583c078/pytest-7.2.0-py3-none-any.whl", hash = "sha256:892f933d339f068883b6fd5a459f03d85bfcb355e4981e146d2c7616c21fef71"},
]
"tomli 2.0.1" = [
    {url = "https://files.pythonhosted.org/packages/97/75/10a9ebee3fd790d20926a90a2547f0bf78f371b2f13aa822c759680ca7b9/tomli-2.0.1-py3-none-any.whl", hash = "sha256:939de3e7a6161af0c887ef91b7d41a53e7c5a1ca976325f429cb46ea9bc30ecc"},
    {url = "https://files.pythonhosted.org/packages/c0/3f/d7af728f075fb08564c5949a9c95e44352e23dee646869fa104a3b2060a3/tomli-2.0.1.tar.gz", hash = "sha256:de526c12914f0c550d15924c62d72abc48d6fe7364aa87328337a31007fe8a4f"},
]
"typing-extensions 4.2.0" = [
    {url = "https://files.pythonhosted.org/packages/75/e1/932e06004039dd670c9d5e1df0cd606bf46e29a28e65d5bb28e894ea29c9/typing_extensions-4.2.0-py3-none-any.whl", hash = "sha256:6657594ee297170d19f67d55c05852a874e7eb634f4f753dbd667855e07c1708"},
    {url = "https://files.pythonhosted.org/packages/fe/71/1df93bd59163c8084d812d166c907639646e8aac72886d563851b966bf18/typing_extensions-4.2.0.tar.gz", hash = "sha256:f1c24655a0da0d1b67f07e17a5e6b2a105894e6824b92096378bb3668ef02376"},
]
